
Microsoft Visual Studio Solution File, Format Version 12.00
# Visual Studio 15
VisualStudioVersion = 15.0.28307.539
MinimumVisualStudioVersion = 10.0.40219.1
Project("{FAE04EC0-301F-11D3-BF4B-00C04F79EFBC}") = "Fiap.TellMeRain.Api", "Fiap.TellMeRain.Api\Fiap.TellMeRain.Api.csproj", "{E7F6A9A6-FC2A-46A2-AF57-B238A810F7DF}"
EndProject
Global
	GlobalSection(SolutionConfigurationPlatforms) = preSolution
		Debug|Any CPU = Debug|Any CPU
		Release|Any CPU = Release|Any CPU
	EndGlobalSection
	GlobalSection(ProjectConfigurationPlatforms) = postSolution
		{E7F6A9A6-FC2A-46A2-AF57-B238A810F7DF}.Debug|Any CPU.ActiveCfg = Debug|Any CPU
		{E7F6A9A6-FC2A-46A2-AF57-B238A810F7DF}.Debug|Any CPU.Build.0 = Debug|Any CPU
		{E7F6A9A6-FC2A-46A2-AF57-B238A810F7DF}.Release|Any CPU.ActiveCfg = Release|Any CPU
		{E7F6A9A6-FC2A-46A2-AF57-B238A810F7DF}.Release|Any CPU.Build.0 = Release|Any CPU
	EndGlobalSection
	GlobalSection(SolutionProperties) = preSolution
		HideSolutionNode = FALSE
	EndGlobalSection
	GlobalSection(ExtensibilityGlobals) = postSolution
		SolutionGuid = {752192F1-9FDE-45A9-81A3-64312C06BB09}
	EndGlobalSection
EndGlobal
